
Microsoft Visual Studio Solution File, Format Version 12.00
# Visual Studio 15
VisualStudioVersion = 15.0.28307.168
MinimumVisualStudioVersion = 10.0.40219.1
Project("{FAE04EC0-301F-11D3-BF4B-00C04F79EFBC}") = "IQP", "IQP\IQP.csproj", "{E9AAEE80-2636-454C-AD8D-7EBBA573E806}"
EndProject
Global
	GlobalSection(SolutionConfigurationPlatforms) = preSolution
		Debug|Any CPU = Debug|Any CPU
		Release|Any CPU = Release|Any CPU
	EndGlobalSection
	GlobalSection(ProjectConfigurationPlatforms) = postSolution
		{E9AAEE80-2636-454C-AD8D-7EBBA573E806}.Debug|Any CPU.ActiveCfg = Debug|Any CPU
		{E9AAEE80-2636-454C-AD8D-7EBBA573E806}.Debug|Any CPU.Build.0 = Debug|Any CPU
		{E9AAEE80-2636-454C-AD8D-7EBBA573E806}.Release|Any CPU.ActiveCfg = Release|Any CPU
		{E9AAEE80-2636-454C-AD8D-7EBBA573E806}.Release|Any CPU.Build.0 = Release|Any CPU
	EndGlobalSection
	GlobalSection(SolutionProperties) = preSolution
		HideSolutionNode = FALSE
	EndGlobalSection
	GlobalSection(ExtensibilityGlobals) = postSolution
		SolutionGuid = {E7E6DF60-3AED-465C-A068-7ABE3D394B06}
	EndGlobalSection
EndGlobal
